
Microsoft Visual Studio Solution File, Format Version 12.00
# Visual Studio Version 16
VisualStudioVersion = 16.0.29424.173
MinimumVisualStudioVersion = 10.0.40219.1
Project("{9A19103F-16F7-4668-BE54-9A1E7A4F7556}") = "JobApp.Interfaces", "JobApp.Interfaces\JobApp.Interfaces.csproj", "{D48840C3-1EB4-463E-B556-754CD45BCA09}"
EndProject
Project("{FAE04EC0-301F-11D3-BF4B-00C04F79EFBC}") = "JobApp.Domain.Services", "JobApp.Domain.Services\JobApp.Domain.Services.csproj", "{09B3DAEC-5708-46AE-B7C9-3E0F94395FD9}"
EndProject
Project("{FAE04EC0-301F-11D3-BF4B-00C04F79EFBC}") = "JobApp.DependencyInjection", "JobApp.DependencyInjection\JobApp.DependencyInjection.csproj", "{69EE48E8-CBA6-4678-983E-6A04DAD8076B}"
EndProject
Project("{FAE04EC0-301F-11D3-BF4B-00C04F79EFBC}") = "JobApp.App.ConsoleApp", "JobApp.App.ConsoleApp\JobApp.App.ConsoleApp.csproj", "{AE28D581-5B70-4511-A325-D925DF8A20E3}"
EndProject
Project("{9A19103F-16F7-4668-BE54-9A1E7A4F7556}") = "JobApp.Domain.Models", "JobApp.Domain.Models\JobApp.Domain.Models.csproj", "{8BCC4FFB-162F-4392-9B9F-DD10320387BB}"
EndProject
Project("{FAE04EC0-301F-11D3-BF4B-00C04F79EFBC}") = "JobApp.Data", "JobApp.Data\JobApp.Data.csproj", "{2BB5B350-DA80-4232-8038-9FFA72031896}"
EndProject
Project("{FAE04EC0-301F-11D3-BF4B-00C04F79EFBC}") = "JobApp.Common", "JobApp.Common\JobApp.Common.csproj", "{9FC42665-97F0-46F4-9607-1A4058EBD8B3}"
EndProject
Project("{FAE04EC0-301F-11D3-BF4B-00C04F79EFBC}") = "JobApp.App.Core", "JobApp.App.Core\JobApp.App.Core.csproj", "{1A240E65-FE67-4F46-BF23-E33EE32A4425}"
EndProject
Project("{2150E333-8FDC-42A3-9474-1A3956D46DE8}") = "APPS", "APPS", "{63262543-6618-4974-9FD0-DA90E7EA92AA}"
EndProject
Project("{2150E333-8FDC-42A3-9474-1A3956D46DE8}") = "COMMON", "COMMON", "{131D02B7-7F40-40D4-8F74-91190B9C1B73}"
EndProject
Project("{2150E333-8FDC-42A3-9474-1A3956D46DE8}") = "DATA", "DATA", "{676CA7AA-6A72-44BF-B7D0-27C731B08407}"
	ProjectSection(SolutionItems) = preProject
		JOB_APP_MODEL.mwb = JOB_APP_MODEL.mwb
	EndProjectSection
EndProject
Project("{2150E333-8FDC-42A3-9474-1A3956D46DE8}") = "DOMAIN", "DOMAIN", "{77950092-E786-4F5D-939F-99A5A57B5628}"
EndProject
Project("{FAE04EC0-301F-11D3-BF4B-00C04F79EFBC}") = "JobApp.App.WebApi", "JobApp.App.WebApi\JobApp.App.WebApi.csproj", "{611ADF96-25A0-4FA0-8A5D-A13A3C1CA13D}"
EndProject
Project("{9092AA53-FB77-4645-B42D-1CCCA6BD08BD}") = "JobApp.App.AngularApp", "JobApp.App.AngularApp\JobApp.App.AngularApp.njsproj", "{039A6AA5-6C39-4ED6-B820-E429B44D215A}"
EndProject
Project("{2150E333-8FDC-42A3-9474-1A3956D46DE8}") = "Solution Items", "Solution Items", "{A0B6D275-E180-4816-BA72-3EE23B05913B}"
	ProjectSection(SolutionItems) = preProject
		PROCESSO_SELETIVO_BACK_END.pdf = PROCESSO_SELETIVO_BACK_END.pdf
	EndProjectSection
EndProject
Global
	GlobalSection(SolutionConfigurationPlatforms) = preSolution
		Debug|Any CPU = Debug|Any CPU
		Release|Any CPU = Release|Any CPU
	EndGlobalSection
	GlobalSection(ProjectConfigurationPlatforms) = postSolution
		{D48840C3-1EB4-463E-B556-754CD45BCA09}.Debug|Any CPU.ActiveCfg = Debug|Any CPU
		{D48840C3-1EB4-463E-B556-754CD45BCA09}.Debug|Any CPU.Build.0 = Debug|Any CPU
		{D48840C3-1EB4-463E-B556-754CD45BCA09}.Release|Any CPU.ActiveCfg = Release|Any CPU
		{D48840C3-1EB4-463E-B556-754CD45BCA09}.Release|Any CPU.Build.0 = Release|Any CPU
		{09B3DAEC-5708-46AE-B7C9-3E0F94395FD9}.Debug|Any CPU.ActiveCfg = Debug|Any CPU
		{09B3DAEC-5708-46AE-B7C9-3E0F94395FD9}.Debug|Any CPU.Build.0 = Debug|Any CPU
		{09B3DAEC-5708-46AE-B7C9-3E0F94395FD9}.Release|Any CPU.ActiveCfg = Release|Any CPU
		{09B3DAEC-5708-46AE-B7C9-3E0F94395FD9}.Release|Any CPU.Build.0 = Release|Any CPU
		{69EE48E8-CBA6-4678-983E-6A04DAD8076B}.Debug|Any CPU.ActiveCfg = Debug|Any CPU
		{69EE48E8-CBA6-4678-983E-6A04DAD8076B}.Debug|Any CPU.Build.0 = Debug|Any CPU
		{69EE48E8-CBA6-4678-983E-6A04DAD8076B}.Release|Any CPU.ActiveCfg = Release|Any CPU
		{69EE48E8-CBA6-4678-983E-6A04DAD8076B}.Release|Any CPU.Build.0 = Release|Any CPU
		{AE28D581-5B70-4511-A325-D925DF8A20E3}.Debug|Any CPU.ActiveCfg = Debug|Any CPU
		{AE28D581-5B70-4511-A325-D925DF8A20E3}.Debug|Any CPU.Build.0 = Debug|Any CPU
		{AE28D581-5B70-4511-A325-D925DF8A20E3}.Release|Any CPU.ActiveCfg = Release|Any CPU
		{AE28D581-5B70-4511-A325-D925DF8A20E3}.Release|Any CPU.Build.0 = Release|Any CPU
		{8BCC4FFB-162F-4392-9B9F-DD10320387BB}.Debug|Any CPU.ActiveCfg = Debug|Any CPU
		{8BCC4FFB-162F-4392-9B9F-DD10320387BB}.Debug|Any CPU.Build.0 = Debug|Any CPU
		{8BCC4FFB-162F-4392-9B9F-DD10320387BB}.Release|Any CPU.ActiveCfg = Release|Any CPU
		{8BCC4FFB-162F-4392-9B9F-DD10320387BB}.Release|Any CPU.Build.0 = Release|Any CPU
		{2BB5B350-DA80-4232-8038-9FFA72031896}.Debug|Any CPU.ActiveCfg = Debug|Any CPU
		{2BB5B350-DA80-4232-8038-9FFA72031896}.Debug|Any CPU.Build.0 = Debug|Any CPU
		{2BB5B350-DA80-4232-8038-9FFA72031896}.Release|Any CPU.ActiveCfg = Release|Any CPU
		{2BB5B350-DA80-4232-8038-9FFA72031896}.Release|Any CPU.Build.0 = Release|Any CPU
		{9FC42665-97F0-46F4-9607-1A4058EBD8B3}.Debug|Any CPU.ActiveCfg = Debug|Any CPU
		{9FC42665-97F0-46F4-9607-1A4058EBD8B3}.Debug|Any CPU.Build.0 = Debug|Any CPU
		{9FC42665-97F0-46F4-9607-1A4058EBD8B3}.Release|Any CPU.ActiveCfg = Release|Any CPU
		{9FC42665-97F0-46F4-9607-1A4058EBD8B3}.Release|Any CPU.Build.0 = Release|Any CPU
		{1A240E65-FE67-4F46-BF23-E33EE32A4425}.Debug|Any CPU.ActiveCfg = Debug|Any CPU
		{1A240E65-FE67-4F46-BF23-E33EE32A4425}.Debug|Any CPU.Build.0 = Debug|Any CPU
		{1A240E65-FE67-4F46-BF23-E33EE32A4425}.Release|Any CPU.ActiveCfg = Release|Any CPU
		{1A240E65-FE67-4F46-BF23-E33EE32A4425}.Release|Any CPU.Build.0 = Release|Any CPU
		{611ADF96-25A0-4FA0-8A5D-A13A3C1CA13D}.Debug|Any CPU.ActiveCfg = Debug|Any CPU
		{611ADF96-25A0-4FA0-8A5D-A13A3C1CA13D}.Debug|Any CPU.Build.0 = Debug|Any CPU
		{611ADF96-25A0-4FA0-8A5D-A13A3C1CA13D}.Release|Any CPU.ActiveCfg = Release|Any CPU
		{611ADF96-25A0-4FA0-8A5D-A13A3C1CA13D}.Release|Any CPU.Build.0 = Release|Any CPU
		{039A6AA5-6C39-4ED6-B820-E429B44D215A}.Debug|Any CPU.ActiveCfg = Debug|Any CPU
		{039A6AA5-6C39-4ED6-B820-E429B44D215A}.Debug|Any CPU.Build.0 = Debug|Any CPU
		{039A6AA5-6C39-4ED6-B820-E429B44D215A}.Release|Any CPU.ActiveCfg = Release|Any CPU
		{039A6AA5-6C39-4ED6-B820-E429B44D215A}.Release|Any CPU.Build.0 = Release|Any CPU
	EndGlobalSection
	GlobalSection(SolutionProperties) = preSolution
		HideSolutionNode = FALSE
	EndGlobalSection
	GlobalSection(NestedProjects) = preSolution
		{D48840C3-1EB4-463E-B556-754CD45BCA09} = {131D02B7-7F40-40D4-8F74-91190B9C1B73}
		{09B3DAEC-5708-46AE-B7C9-3E0F94395FD9} = {77950092-E786-4F5D-939F-99A5A57B5628}
		{69EE48E8-CBA6-4678-983E-6A04DAD8076B} = {131D02B7-7F40-40D4-8F74-91190B9C1B73}
		{AE28D581-5B70-4511-A325-D925DF8A20E3} = {63262543-6618-4974-9FD0-DA90E7EA92AA}
		{8BCC4FFB-162F-4392-9B9F-DD10320387BB} = {77950092-E786-4F5D-939F-99A5A57B5628}
		{2BB5B350-DA80-4232-8038-9FFA72031896} = {676CA7AA-6A72-44BF-B7D0-27C731B08407}
		{9FC42665-97F0-46F4-9607-1A4058EBD8B3} = {131D02B7-7F40-40D4-8F74-91190B9C1B73}
		{1A240E65-FE67-4F46-BF23-E33EE32A4425} = {63262543-6618-4974-9FD0-DA90E7EA92AA}
		{611ADF96-25A0-4FA0-8A5D-A13A3C1CA13D} = {63262543-6618-4974-9FD0-DA90E7EA92AA}
		{039A6AA5-6C39-4ED6-B820-E429B44D215A} = {63262543-6618-4974-9FD0-DA90E7EA92AA}
	EndGlobalSection
	GlobalSection(ExtensibilityGlobals) = postSolution
		SolutionGuid = {61634CE0-2226-4D1B-9DB7-837394AE8F2C}
	EndGlobalSection
EndGlobal
